
Microsoft Visual Studio Solution File, Format Version 12.00
# Visual Studio 15
VisualStudioVersion = 15.0.26730.8
MinimumVisualStudioVersion = 10.0.40219.1
Project("{FAE04EC0-301F-11D3-BF4B-00C04F79EFBC}") = "tutorial001", "tutorial001\tutorial001.csproj", "{9501F5A2-4616-4C55-8E6E-827C59F12EC6}"
EndProject
Global
	GlobalSection(SolutionConfigurationPlatforms) = preSolution
		Debug|Any CPU = Debug|Any CPU
		Release|Any CPU = Release|Any CPU
	EndGlobalSection
	GlobalSection(ProjectConfigurationPlatforms) = postSolution
		{9501F5A2-4616-4C55-8E6E-827C59F12EC6}.Debug|Any CPU.ActiveCfg = Debug|Any CPU
		{9501F5A2-4616-4C55-8E6E-827C59F12EC6}.Debug|Any CPU.Build.0 = Debug|Any CPU
		{9501F5A2-4616-4C55-8E6E-827C59F12EC6}.Release|Any CPU.ActiveCfg = Release|Any CPU
		{9501F5A2-4616-4C55-8E6E-827C59F12EC6}.Release|Any CPU.Build.0 = Release|Any CPU
	EndGlobalSection
	GlobalSection(SolutionProperties) = preSolution
		HideSolutionNode = FALSE
	EndGlobalSection
	GlobalSection(ExtensibilityGlobals) = postSolution
		SolutionGuid = {E191B237-63D9-4439-907F-01CE9298076C}
	EndGlobalSection
EndGlobal
